// !$*UTF8*$!
{
	archiveVersion = 1;
	classes = {
	};
	objectVersion = 46;
	objects = {

/* Begin PBXBuildFile section */
		0270099282E09939B6E3963D /* Pods_SummerApp.framework in Frameworks */ = {isa = PBXBuildFile; fileRef = 69BFF3ADE70127E10AAEBE8B /* Pods_SummerApp.framework */; };
		FB3235F21F293BA300B83E85 /* ListItemInfoContentViewController.swift in Sources */ = {isa = PBXBuildFile; fileRef = FB3235F11F293BA300B83E85 /* ListItemInfoContentViewController.swift */; };
		FB5AA6B71F3A2CB500F2051C /* UCBerkeleyBG.jpg in Resources */ = {isa = PBXBuildFile; fileRef = FB5AA6B61F3A2CB500F2051C /* UCBerkeleyBG.jpg */; };
		FB5AA6B91F3A2EDE00F2051C /* SchoolCell.swift in Sources */ = {isa = PBXBuildFile; fileRef = FB5AA6B81F3A2EDE00F2051C /* SchoolCell.swift */; };
		FB5AA6BB1F3A378900F2051C /* TopicsAndItemsCell.swift in Sources */ = {isa = PBXBuildFile; fileRef = FB5AA6BA1F3A378900F2051C /* TopicsAndItemsCell.swift */; };
		FB5AD2741F229DA500080BA8 /* Schools.swift in Sources */ = {isa = PBXBuildFile; fileRef = FB5AD2731F229DA500080BA8 /* Schools.swift */; };
		FB5AD27C1F2677D800080BA8 /* ListTopicsAndItemsViewController.swift in Sources */ = {isa = PBXBuildFile; fileRef = FB5AD27B1F2677D800080BA8 /* ListTopicsAndItemsViewController.swift */; };
		FB9070B51F1E87630062F97E /* School.swift in Sources */ = {isa = PBXBuildFile; fileRef = FB9070B41F1E87630062F97E /* School.swift */; };
		FB9070B71F1E89F40062F97E /* Topic.swift in Sources */ = {isa = PBXBuildFile; fileRef = FB9070B61F1E89F40062F97E /* Topic.swift */; };
		FB9070B91F1E8A0F0062F97E /* Item.swift in Sources */ = {isa = PBXBuildFile; fileRef = FB9070B81F1E8A0F0062F97E /* Item.swift */; };
		FBCBB7631F1E708200D16AE1 /* AppDelegate.swift in Sources */ = {isa = PBXBuildFile; fileRef = FBCBB7621F1E708200D16AE1 /* AppDelegate.swift */; };
		FBCBB7651F1E708200D16AE1 /* ListCollegesViewController.swift in Sources */ = {isa = PBXBuildFile; fileRef = FBCBB7641F1E708200D16AE1 /* ListCollegesViewController.swift */; };
		FBCBB7681F1E708200D16AE1 /* Main.storyboard in Resources */ = {isa = PBXBuildFile; fileRef = FBCBB7661F1E708200D16AE1 /* Main.storyboard */; };
		FBCBB76D1F1E708200D16AE1 /* Assets.xcassets in Resources */ = {isa = PBXBuildFile; fileRef = FBCBB76C1F1E708200D16AE1 /* Assets.xcassets */; };
		FBCBB7701F1E708200D16AE1 /* LaunchScreen.storyboard in Resources */ = {isa = PBXBuildFile; fileRef = FBCBB76E1F1E708200D16AE1 /* LaunchScreen.storyboard */; };
		FBCBB77E1F1E714900D16AE1 /* GoogleService-Info.plist in Resources */ = {isa = PBXBuildFile; fileRef = FBCBB77D1F1E714900D16AE1 /* GoogleService-Info.plist */; };
		FBCBB7811F1E744300D16AE1 /* FbDatabase.swift in Sources */ = {isa = PBXBuildFile; fileRef = FBCBB7801F1E744300D16AE1 /* FbDatabase.swift */; };
		FBF3E4301F2A587500084DD2 /* ContentStyle.css in Resources */ = {isa = PBXBuildFile; fileRef = FBF3E42F1F2A587500084DD2 /* ContentStyle.css */; };
		FBF3E4331F2A5B2700084DD2 /* HTMLConverter.swift in Sources */ = {isa = PBXBuildFile; fileRef = FBF3E4321F2A5B2700084DD2 /* HTMLConverter.swift */; };
		FBF3E4351F312DA000084DD2 /* CoreDataHelper.swift in Sources */ = {isa = PBXBuildFile; fileRef = FBF3E4341F312DA000084DD2 /* CoreDataHelper.swift */; };
		FBF3E43C1F314E8800084DD2 /* SummerApp.xcdatamodeld in Sources */ = {isa = PBXBuildFile; fileRef = FBF3E43A1F314E8800084DD2 /* SummerApp.xcdatamodeld */; };
		FBFE9A301F32A34B00F38718 /* ShadowForCell.swift in Sources */ = {isa = PBXBuildFile; fileRef = FBFE9A2F1F32A34B00F38718 /* ShadowForCell.swift */; };
		FBFE9A331F33CF3000F38718 /* BlueBG.png in Resources */ = {isa = PBXBuildFile; fileRef = FBFE9A321F33CF3000F38718 /* BlueBG.png */; };
/* End PBXBuildFile section */

/* Begin PBXFileReference section */
		69BFF3ADE70127E10AAEBE8B /* Pods_SummerApp.framework */ = {isa = PBXFileReference; explicitFileType = wrapper.framework; includeInIndex = 0; path = Pods_SummerApp.framework; sourceTree = BUILT_PRODUCTS_DIR; };
		7A3AEB9665659D77E05BE836 /* Pods-SummerApp.debug.xcconfig */ = {isa = PBXFileReference; includeInIndex = 1; lastKnownFileType = text.xcconfig; name = "Pods-SummerApp.debug.xcconfig"; path = "Pods/Target Support Files/Pods-SummerApp/Pods-SummerApp.debug.xcconfig"; sourceTree = "<group>"; };
		C4075B127ABD5094E32350E8 /* Pods-SummerApp.release.xcconfig */ = {isa = PBXFileReference; includeInIndex = 1; lastKnownFileType = text.xcconfig; name = "Pods-SummerApp.release.xcconfig"; path = "Pods/Target Support Files/Pods-SummerApp/Pods-SummerApp.release.xcconfig"; sourceTree = "<group>"; };
		FB3235F11F293BA300B83E85 /* ListItemInfoContentViewController.swift */ = {isa = PBXFileReference; fileEncoding = 4; lastKnownFileType = sourcecode.swift; path = ListItemInfoContentViewController.swift; sourceTree = "<group>"; };
		FB5AA6B61F3A2CB500F2051C /* UCBerkeleyBG.jpg */ = {isa = PBXFileReference; lastKnownFileType = image.jpeg; path = UCBerkeleyBG.jpg; sourceTree = "<group>"; };
		FB5AA6B81F3A2EDE00F2051C /* SchoolCell.swift */ = {isa = PBXFileReference; fileEncoding = 4; lastKnownFileType = sourcecode.swift; path = SchoolCell.swift; sourceTree = "<group>"; };
		FB5AA6BA1F3A378900F2051C /* TopicsAndItemsCell.swift */ = {isa = PBXFileReference; fileEncoding = 4; lastKnownFileType = sourcecode.swift; path = TopicsAndItemsCell.swift; sourceTree = "<group>"; };
		FB5AD2731F229DA500080BA8 /* Schools.swift */ = {isa = PBXFileReference; fileEncoding = 4; lastKnownFileType = sourcecode.swift; path = Schools.swift; sourceTree = "<group>"; };
		FB5AD27B1F2677D800080BA8 /* ListTopicsAndItemsViewController.swift */ = {isa = PBXFileReference; fileEncoding = 4; lastKnownFileType = sourcecode.swift; path = ListTopicsAndItemsViewController.swift; sourceTree = "<group>"; };
		FB9070B41F1E87630062F97E /* School.swift */ = {isa = PBXFileReference; fileEncoding = 4; lastKnownFileType = sourcecode.swift; path = School.swift; sourceTree = "<group>"; };
		FB9070B61F1E89F40062F97E /* Topic.swift */ = {isa = PBXFileReference; fileEncoding = 4; lastKnownFileType = sourcecode.swift; path = Topic.swift; sourceTree = "<group>"; };
		FB9070B81F1E8A0F0062F97E /* Item.swift */ = {isa = PBXFileReference; fileEncoding = 4; lastKnownFileType = sourcecode.swift; path = Item.swift; sourceTree = "<group>"; };
		FBCBB75F1F1E708200D16AE1 /* SummerApp.app */ = {isa = PBXFileReference; explicitFileType = wrapper.application; includeInIndex = 0; path = SummerApp.app; sourceTree = BUILT_PRODUCTS_DIR; };
		FBCBB7621F1E708200D16AE1 /* AppDelegate.swift */ = {isa = PBXFileReference; lastKnownFileType = sourcecode.swift; path = AppDelegate.swift; sourceTree = "<group>"; };
		FBCBB7641F1E708200D16AE1 /* ListCollegesViewController.swift */ = {isa = PBXFileReference; lastKnownFileType = sourcecode.swift; path = ListCollegesViewController.swift; sourceTree = "<group>"; };
		FBCBB7671F1E708200D16AE1 /* Base */ = {isa = PBXFileReference; lastKnownFileType = file.storyboard; name = Base; path = Base.lproj/Main.storyboard; sourceTree = "<group>"; };
		FBCBB76C1F1E708200D16AE1 /* Assets.xcassets */ = {isa = PBXFileReference; lastKnownFileType = folder.assetcatalog; path = Assets.xcassets; sourceTree = "<group>"; };
		FBCBB76F1F1E708200D16AE1 /* Base */ = {isa = PBXFileReference; lastKnownFileType = file.storyboard; name = Base; path = Base.lproj/LaunchScreen.storyboard; sourceTree = "<group>"; };
		FBCBB7711F1E708200D16AE1 /* Info.plist */ = {isa = PBXFileReference; lastKnownFileType = text.plist.xml; path = Info.plist; sourceTree = "<group>"; };
		FBCBB77D1F1E714900D16AE1 /* GoogleService-Info.plist */ = {isa = PBXFileReference; fileEncoding = 4; lastKnownFileType = text.plist.xml; path = "GoogleService-Info.plist"; sourceTree = "<group>"; };
		FBCBB7801F1E744300D16AE1 /* FbDatabase.swift */ = {isa = PBXFileReference; fileEncoding = 4; lastKnownFileType = sourcecode.swift; path = FbDatabase.swift; sourceTree = "<group>"; };
		FBF3E42F1F2A587500084DD2 /* ContentStyle.css */ = {isa = PBXFileReference; fileEncoding = 4; lastKnownFileType = text.css; path = ContentStyle.css; sourceTree = "<group>"; };
		FBF3E4321F2A5B2700084DD2 /* HTMLConverter.swift */ = {isa = PBXFileReference; fileEncoding = 4; lastKnownFileType = sourcecode.swift; path = HTMLConverter.swift; sourceTree = "<group>"; };
		FBF3E4341F312DA000084DD2 /* CoreDataHelper.swift */ = {isa = PBXFileReference; fileEncoding = 4; lastKnownFileType = sourcecode.swift; path = CoreDataHelper.swift; sourceTree = "<group>"; };
		FBF3E43B1F314E8800084DD2 /* SummerApp.xcdatamodel */ = {isa = PBXFileReference; lastKnownFileType = wrapper.xcdatamodel; path = SummerApp.xcdatamodel; sourceTree = "<group>"; };
		FBFE9A2F1F32A34B00F38718 /* ShadowForCell.swift */ = {isa = PBXFileReference; fileEncoding = 4; lastKnownFileType = sourcecode.swift; path = ShadowForCell.swift; sourceTree = "<group>"; };
		FBFE9A321F33CF3000F38718 /* BlueBG.png */ = {isa = PBXFileReference; lastKnownFileType = image.png; path = BlueBG.png; sourceTree = "<group>"; };
/* End PBXFileReference section */

/* Begin PBXFrameworksBuildPhase section */
		FBCBB75C1F1E708200D16AE1 /* Frameworks */ = {
			isa = PBXFrameworksBuildPhase;
			buildActionMask = 2147483647;
			files = (
				0270099282E09939B6E3963D /* Pods_SummerApp.framework in Frameworks */,
			);
			runOnlyForDeploymentPostprocessing = 0;
		};
/* End PBXFrameworksBuildPhase section */

/* Begin PBXGroup section */
		79ADEE6C7C1EBB71F1BBE71F /* Frameworks */ = {
			isa = PBXGroup;
			children = (
				69BFF3ADE70127E10AAEBE8B /* Pods_SummerApp.framework */,
			);
			name = Frameworks;
			sourceTree = "<group>";
		};
		876BF6CB55497C8DCA4585EB /* Pods */ = {
			isa = PBXGroup;
			children = (
				7A3AEB9665659D77E05BE836 /* Pods-SummerApp.debug.xcconfig */,
				C4075B127ABD5094E32350E8 /* Pods-SummerApp.release.xcconfig */,
			);
			name = Pods;
			sourceTree = "<group>";
		};
		FBCBB7561F1E708200D16AE1 = {
			isa = PBXGroup;
			children = (
				FBFE9A311F33CF1A00F38718 /* Images */,
				FBCBB7611F1E708200D16AE1 /* SummerApp */,
				FBCBB7601F1E708200D16AE1 /* Products */,
				876BF6CB55497C8DCA4585EB /* Pods */,
				79ADEE6C7C1EBB71F1BBE71F /* Frameworks */,
			);
			sourceTree = "<group>";
		};
		FBCBB7601F1E708200D16AE1 /* Products */ = {
			isa = PBXGroup;
			children = (
				FBCBB75F1F1E708200D16AE1 /* SummerApp.app */,
			);
			name = Products;
			sourceTree = "<group>";
		};
		FBCBB7611F1E708200D16AE1 /* SummerApp */ = {
			isa = PBXGroup;
			children = (
				FBCBB77F1F1E740B00D16AE1 /* Firebase */,
				FBCBB77B1F1E710500D16AE1 /* Core Data */,
				FBCBB77A1F1E70F200D16AE1 /* Storyboards */,
				FBCBB7791F1E70BD00D16AE1 /* Controllers */,
				FBCBB7781F1E70AD00D16AE1 /* Models */,
				FBCBB7771F1E709D00D16AE1 /* Views */,
				FBCBB77C1F1E712000D16AE1 /* Supporting */,
				FBF3E4311F2A5A8C00084DD2 /* HTML and CSS */,
				FBF3E4361F312DA800084DD2 /* Helper */,
			);
			path = SummerApp;
			sourceTree = "<group>";
		};
		FBCBB7771F1E709D00D16AE1 /* Views */ = {
			isa = PBXGroup;
			children = (
				FBFE9A2F1F32A34B00F38718 /* ShadowForCell.swift */,
				FB5AA6B81F3A2EDE00F2051C /* SchoolCell.swift */,
				FB5AA6BA1F3A378900F2051C /* TopicsAndItemsCell.swift */,
			);
			name = Views;
			sourceTree = "<group>";
		};
		FBCBB7781F1E70AD00D16AE1 /* Models */ = {
			isa = PBXGroup;
			children = (
				FB5AD2731F229DA500080BA8 /* Schools.swift */,
				FB9070B41F1E87630062F97E /* School.swift */,
				FB9070B61F1E89F40062F97E /* Topic.swift */,
				FB9070B81F1E8A0F0062F97E /* Item.swift */,
			);
			name = Models;
			sourceTree = "<group>";
		};
		FBCBB7791F1E70BD00D16AE1 /* Controllers */ = {
			isa = PBXGroup;
			children = (
				FBCBB7641F1E708200D16AE1 /* ListCollegesViewController.swift */,
				FB5AD27B1F2677D800080BA8 /* ListTopicsAndItemsViewController.swift */,
				FB3235F11F293BA300B83E85 /* ListItemInfoContentViewController.swift */,
			);
			name = Controllers;
			sourceTree = "<group>";
		};
		FBCBB77A1F1E70F200D16AE1 /* Storyboards */ = {
			isa = PBXGroup;
			children = (
				FBCBB7661F1E708200D16AE1 /* Main.storyboard */,
			);
			name = Storyboards;
			sourceTree = "<group>";
		};
		FBCBB77B1F1E710500D16AE1 /* Core Data */ = {
			isa = PBXGroup;
			children = (
				FBF3E43A1F314E8800084DD2 /* SummerApp.xcdatamodeld */,
			);
			name = "Core Data";
			sourceTree = "<group>";
		};
		FBCBB77C1F1E712000D16AE1 /* Supporting */ = {
			isa = PBXGroup;
			children = (
				FBCBB77D1F1E714900D16AE1 /* GoogleService-Info.plist */,
				FBCBB7621F1E708200D16AE1 /* AppDelegate.swift */,
				FBCBB76C1F1E708200D16AE1 /* Assets.xcassets */,
				FBCBB76E1F1E708200D16AE1 /* LaunchScreen.storyboard */,
				FBCBB7711F1E708200D16AE1 /* Info.plist */,
			);
			name = Supporting;
			sourceTree = "<group>";
		};
		FBCBB77F1F1E740B00D16AE1 /* Firebase */ = {
			isa = PBXGroup;
			children = (
				FBCBB7801F1E744300D16AE1 /* FbDatabase.swift */,
			);
			name = Firebase;
			sourceTree = "<group>";
		};
		FBF3E4311F2A5A8C00084DD2 /* HTML and CSS */ = {
			isa = PBXGroup;
			children = (
				FBF3E42F1F2A587500084DD2 /* ContentStyle.css */,
				FBF3E4321F2A5B2700084DD2 /* HTMLConverter.swift */,
			);
			name = "HTML and CSS";
			sourceTree = "<group>";
		};
		FBF3E4361F312DA800084DD2 /* Helper */ = {
			isa = PBXGroup;
			children = (
				FBF3E4341F312DA000084DD2 /* CoreDataHelper.swift */,
			);
			name = Helper;
			sourceTree = "<group>";
		};
		FBFE9A311F33CF1A00F38718 /* Images */ = {
			isa = PBXGroup;
			children = (
				FB5AA6B61F3A2CB500F2051C /* UCBerkeleyBG.jpg */,
				FBFE9A321F33CF3000F38718 /* BlueBG.png */,
			);
			name = Images;
			sourceTree = "<group>";
		};
/* End PBXGroup section */

/* Begin PBXNativeTarget section */
		FBCBB75E1F1E708200D16AE1 /* SummerApp */ = {
			isa = PBXNativeTarget;
			buildConfigurationList = FBCBB7741F1E708200D16AE1 /* Build configuration list for PBXNativeTarget "SummerApp" */;
			buildPhases = (
				C6539555ED65C2D88B6EB637 /* [CP] Check Pods Manifest.lock */,
				FBCBB75B1F1E708200D16AE1 /* Sources */,
				FBCBB75C1F1E708200D16AE1 /* Frameworks */,
				FBCBB75D1F1E708200D16AE1 /* Resources */,
				330E6B310CDEC4329537D561 /* [CP] Embed Pods Frameworks */,
				EF175587334734BA74914FDF /* [CP] Copy Pods Resources */,
			);
			buildRules = (
			);
			dependencies = (
			);
			name = SummerApp;
			productName = SummerApp;
			productReference = FBCBB75F1F1E708200D16AE1 /* SummerApp.app */;
			productType = "com.apple.product-type.application";
		};
/* End PBXNativeTarget section */

/* Begin PBXProject section */
		FBCBB7571F1E708200D16AE1 /* Project object */ = {
			isa = PBXProject;
			attributes = {
				LastSwiftUpdateCheck = 0830;
				LastUpgradeCheck = 0830;
				ORGANIZATIONNAME = "Silvia  Kim";
				TargetAttributes = {
					FBCBB75E1F1E708200D16AE1 = {
						CreatedOnToolsVersion = 8.3.3;
						DevelopmentTeam = CMR3UVXYD8;
						ProvisioningStyle = Automatic;
					};
				};
			};
			buildConfigurationList = FBCBB75A1F1E708200D16AE1 /* Build configuration list for PBXProject "SummerApp" */;
			compatibilityVersion = "Xcode 3.2";
			developmentRegion = English;
			hasScannedForEncodings = 0;
			knownRegions = (
				en,
				Base,
			);
			mainGroup = FBCBB7561F1E708200D16AE1;
			productRefGroup = FBCBB7601F1E708200D16AE1 /* Products */;
			projectDirPath = "";
			projectRoot = "";
			targets = (
				FBCBB75E1F1E708200D16AE1 /* SummerApp */,
			);
		};
/* End PBXProject section */

/* Begin PBXResourcesBuildPhase section */
		FBCBB75D1F1E708200D16AE1 /* Resources */ = {
			isa = PBXResourcesBuildPhase;
			buildActionMask = 2147483647;
			files = (
				FBF3E4301F2A587500084DD2 /* ContentStyle.css in Resources */,
				FBCBB7701F1E708200D16AE1 /* LaunchScreen.storyboard in Resources */,
				FBFE9A331F33CF3000F38718 /* BlueBG.png in Resources */,
				FBCBB77E1F1E714900D16AE1 /* GoogleService-Info.plist in Resources */,
				FBCBB76D1F1E708200D16AE1 /* Assets.xcassets in Resources */,
				FBCBB7681F1E708200D16AE1 /* Main.storyboard in Resources */,
				FB5AA6B71F3A2CB500F2051C /* UCBerkeleyBG.jpg in Resources */,
			);
			runOnlyForDeploymentPostprocessing = 0;
		};
/* End PBXResourcesBuildPhase section */

/* Begin PBXShellScriptBuildPhase section */
		330E6B310CDEC4329537D561 /* [CP] Embed Pods Frameworks */ = {
			isa = PBXShellScriptBuildPhase;
			buildActionMask = 2147483647;
			files = (
			);
			inputPaths = (
			);
			name = "[CP] Embed Pods Frameworks";
			outputPaths = (
			);
			runOnlyForDeploymentPostprocessing = 0;
			shellPath = /bin/sh;
			shellScript = "\"${SRCROOT}/Pods/Target Support Files/Pods-SummerApp/Pods-SummerApp-frameworks.sh\"\n";
			showEnvVarsInLog = 0;
		};
		C6539555ED65C2D88B6EB637 /* [CP] Check Pods Manifest.lock */ = {
			isa = PBXShellScriptBuildPhase;
			buildActionMask = 2147483647;
			files = (
			);
			inputPaths = (
			);
			name = "[CP] Check Pods Manifest.lock";
			outputPaths = (
			);
			runOnlyForDeploymentPostprocessing = 0;
			shellPath = /bin/sh;
			shellScript = "diff \"${PODS_PODFILE_DIR_PATH}/Podfile.lock\" \"${PODS_ROOT}/Manifest.lock\" > /dev/null\nif [ $? != 0 ] ; then\n    # print error to STDERR\n    echo \"error: The sandbox is not in sync with the Podfile.lock. Run 'pod install' or update your CocoaPods installation.\" >&2\n    exit 1\nfi\n";
			showEnvVarsInLog = 0;
		};
		EF175587334734BA74914FDF /* [CP] Copy Pods Resources */ = {
			isa = PBXShellScriptBuildPhase;
			buildActionMask = 2147483647;
			files = (
			);
			inputPaths = (
			);
			name = "[CP] Copy Pods Resources";
			outputPaths = (
			);
			runOnlyForDeploymentPostprocessing = 0;
			shellPath = /bin/sh;
			shellScript = "\"${SRCROOT}/Pods/Target Support Files/Pods-SummerApp/Pods-SummerApp-resources.sh\"\n";
			showEnvVarsInLog = 0;
		};
/* End PBXShellScriptBuildPhase section */

/* Begin PBXSourcesBuildPhase section */
		FBCBB75B1F1E708200D16AE1 /* Sources */ = {
			isa = PBXSourcesBuildPhase;
			buildActionMask = 2147483647;
			files = (
				FBF3E43C1F314E8800084DD2 /* SummerApp.xcdatamodeld in Sources */,
				FBCBB7811F1E744300D16AE1 /* FbDatabase.swift in Sources */,
				FB3235F21F293BA300B83E85 /* ListItemInfoContentViewController.swift in Sources */,
				FB9070B91F1E8A0F0062F97E /* Item.swift in Sources */,
				FB9070B51F1E87630062F97E /* School.swift in Sources */,
				FB5AA6BB1F3A378900F2051C /* TopicsAndItemsCell.swift in Sources */,
				FBCBB7651F1E708200D16AE1 /* ListCollegesViewController.swift in Sources */,
				FBF3E4351F312DA000084DD2 /* CoreDataHelper.swift in Sources */,
				FB5AA6B91F3A2EDE00F2051C /* SchoolCell.swift in Sources */,
				FBFE9A301F32A34B00F38718 /* ShadowForCell.swift in Sources */,
				FBF3E4331F2A5B2700084DD2 /* HTMLConverter.swift in Sources */,
				FB5AD2741F229DA500080BA8 /* Schools.swift in Sources */,
				FBCBB7631F1E708200D16AE1 /* AppDelegate.swift in Sources */,
				FB9070B71F1E89F40062F97E /* Topic.swift in Sources */,
				FB5AD27C1F2677D800080BA8 /* ListTopicsAndItemsViewController.swift in Sources */,
			);
			runOnlyForDeploymentPostprocessing = 0;
		};
/* End PBXSourcesBuildPhase section */

/* Begin PBXVariantGroup section */
		FBCBB7661F1E708200D16AE1 /* Main.storyboard */ = {
			isa = PBXVariantGroup;
			children = (
				FBCBB7671F1E708200D16AE1 /* Base */,
			);
			name = Main.storyboard;
			sourceTree = "<group>";
		};
		FBCBB76E1F1E708200D16AE1 /* LaunchScreen.storyboard */ = {
			isa = PBXVariantGroup;
			children = (
				FBCBB76F1F1E708200D16AE1 /* Base */,
			);
			name = LaunchScreen.storyboard;
			sourceTree = "<group>";
		};
/* End PBXVariantGroup section */

/* Begin XCBuildConfiguration section */
		FBCBB7721F1E708200D16AE1 /* Debug */ = {
			isa = XCBuildConfiguration;
			buildSettings = {
				ALWAYS_SEARCH_USER_PATHS = NO;
				CLANG_ANALYZER_NONNULL = YES;
				CLANG_ANALYZER_NUMBER_OBJECT_CONVERSION = YES_AGGRESSIVE;
				CLANG_CXX_LANGUAGE_STANDARD = "gnu++0x";
				CLANG_CXX_LIBRARY = "libc++";
				CLANG_ENABLE_MODULES = YES;
				CLANG_ENABLE_OBJC_ARC = YES;
				CLANG_WARN_BOOL_CONVERSION = YES;
				CLANG_WARN_CONSTANT_CONVERSION = YES;
				CLANG_WARN_DIRECT_OBJC_ISA_USAGE = YES_ERROR;
				CLANG_WARN_DOCUMENTATION_COMMENTS = YES;
				CLANG_WARN_EMPTY_BODY = YES;
				CLANG_WARN_ENUM_CONVERSION = YES;
				CLANG_WARN_INFINITE_RECURSION = YES;
				CLANG_WARN_INT_CONVERSION = YES;
				CLANG_WARN_OBJC_ROOT_CLASS = YES_ERROR;
				CLANG_WARN_SUSPICIOUS_MOVE = YES;
				CLANG_WARN_UNREACHABLE_CODE = YES;
				CLANG_WARN__DUPLICATE_METHOD_MATCH = YES;
				"CODE_SIGN_IDENTITY[sdk=iphoneos*]" = "iPhone Developer";
				COPY_PHASE_STRIP = NO;
				DEBUG_INFORMATION_FORMAT = dwarf;
				ENABLE_STRICT_OBJC_MSGSEND = YES;
				ENABLE_TESTABILITY = YES;
				GCC_C_LANGUAGE_STANDARD = gnu99;
				GCC_DYNAMIC_NO_PIC = NO;
				GCC_NO_COMMON_BLOCKS = YES;
				GCC_OPTIMIZATION_LEVEL = 0;
				GCC_PREPROCESSOR_DEFINITIONS = (
					"DEBUG=1",
					"$(inherited)",
				);
				GCC_WARN_64_TO_32_BIT_CONVERSION = YES;
				GCC_WARN_ABOUT_RETURN_TYPE = YES_ERROR;
				GCC_WARN_UNDECLARED_SELECTOR = YES;
				GCC_WARN_UNINITIALIZED_AUTOS = YES_AGGRESSIVE;
				GCC_WARN_UNUSED_FUNCTION = YES;
				GCC_WARN_UNUSED_VARIABLE = YES;
				IPHONEOS_DEPLOYMENT_TARGET = 9.1;
				MTL_ENABLE_DEBUG_INFO = YES;
				ONLY_ACTIVE_ARCH = YES;
				SDKROOT = iphoneos;
				SWIFT_ACTIVE_COMPILATION_CONDITIONS = DEBUG;
				SWIFT_OPTIMIZATION_LEVEL = "-Onone";
			};
			name = Debug;
		};
		FBCBB7731F1E708200D16AE1 /* Release */ = {
			isa = XCBuildConfiguration;
			buildSettings = {
				ALWAYS_SEARCH_USER_PATHS = NO;
				CLANG_ANALYZER_NONNULL = YES;
				CLANG_ANALYZER_NUMBER_OBJECT_CONVERSION = YES_AGGRESSIVE;
				CLANG_CXX_LANGUAGE_STANDARD = "gnu++0x";
				CLANG_CXX_LIBRARY = "libc++";
				CLANG_ENABLE_MODULES = YES;
				CLANG_ENABLE_OBJC_ARC = YES;
				CLANG_WARN_BOOL_CONVERSION = YES;
				CLANG_WARN_CONSTANT_CONVERSION = YES;
				CLANG_WARN_DIRECT_OBJC_ISA_USAGE = YES_ERROR;
				CLANG_WARN_DOCUMENTATION_COMMENTS = YES;
				CLANG_WARN_EMPTY_BODY = YES;
				CLANG_WARN_ENUM_CONVERSION = YES;
				CLANG_WARN_INFINITE_RECURSION = YES;
				CLANG_WARN_INT_CONVERSION = YES;
				CLANG_WARN_OBJC_ROOT_CLASS = YES_ERROR;
				CLANG_WARN_SUSPICIOUS_MOVE = YES;
				CLANG_WARN_UNREACHABLE_CODE = YES;
				CLANG_WARN__DUPLICATE_METHOD_MATCH = YES;
				"CODE_SIGN_IDENTITY[sdk=iphoneos*]" = "iPhone Developer";
				COPY_PHASE_STRIP = NO;
				DEBUG_INFORMATION_FORMAT = "dwarf-with-dsym";
				ENABLE_NS_ASSERTIONS = NO;
				ENABLE_STRICT_OBJC_MSGSEND = YES;
				GCC_C_LANGUAGE_STANDARD = gnu99;
				GCC_NO_COMMON_BLOCKS = YES;
				GCC_WARN_64_TO_32_BIT_CONVERSION = YES;
				GCC_WARN_ABOUT_RETURN_TYPE = YES_ERROR;
				GCC_WARN_UNDECLARED_SELECTOR = YES;
				GCC_WARN_UNINITIALIZED_AUTOS = YES_AGGRESSIVE;
				GCC_WARN_UNUSED_FUNCTION = YES;
				GCC_WARN_UNUSED_VARIABLE = YES;
				IPHONEOS_DEPLOYMENT_TARGET = 9.1;
				MTL_ENABLE_DEBUG_INFO = NO;
				SDKROOT = iphoneos;
				SWIFT_OPTIMIZATION_LEVEL = "-Owholemodule";
				VALIDATE_PRODUCT = YES;
			};
			name = Release;
		};
		FBCBB7751F1E708200D16AE1 /* Debug */ = {
			isa = XCBuildConfiguration;
			baseConfigurationReference = 7A3AEB9665659D77E05BE836 /* Pods-SummerApp.debug.xcconfig */;
			buildSettings = {
				ASSETCATALOG_COMPILER_APPICON_NAME = AppIcon;
				"CODE_SIGN_IDENTITY[sdk=iphoneos*]" = "iPhone Developer";
				DEVELOPMENT_TEAM = CMR3UVXYD8;
				INFOPLIST_FILE = SummerApp/Info.plist;
				IPHONEOS_DEPLOYMENT_TARGET = 10.3;
				LD_RUNPATH_SEARCH_PATHS = "$(inherited) @executable_path/Frameworks";
				PRODUCT_BUNDLE_IDENTIFIER = "com.myApp.ios-com.myApp.ios-com.myApp.ios-com.myApp.ios";
				PRODUCT_NAME = "$(TARGET_NAME)";
				PROVISIONING_PROFILE_SPECIFIER = "";
				SWIFT_VERSION = 3.0;
				TARGETED_DEVICE_FAMILY = "1,2";
			};
			name = Debug;
		};
		FBCBB7761F1E708200D16AE1 /* Release */ = {
			isa = XCBuildConfiguration;
			baseConfigurationReference = C4075B127ABD5094E32350E8 /* Pods-SummerApp.release.xcconfig */;
			buildSettings = {
				ASSETCATALOG_COMPILER_APPICON_NAME = AppIcon;
				"CODE_SIGN_IDENTITY[sdk=iphoneos*]" = "iPhone Developer";
				DEVELOPMENT_TEAM = CMR3UVXYD8;
				INFOPLIST_FILE = SummerApp/Info.plist;
				IPHONEOS_DEPLOYMENT_TARGET = 10.3;
				LD_RUNPATH_SEARCH_PATHS = "$(inherited) @executable_path/Frameworks";
				PRODUCT_BUNDLE_IDENTIFIER = "com.myApp.ios-com.myApp.ios-com.myApp.ios-com.myApp.ios";
				PRODUCT_NAME = "$(TARGET_NAME)";
				PROVISIONING_PROFILE_SPECIFIER = "";
				SWIFT_VERSION = 3.0;
				TARGETED_DEVICE_FAMILY = "1,2";
			};
			name = Release;
		};
/* End XCBuildConfiguration section */

/* Begin XCConfigurationList section */
		FBCBB75A1F1E708200D16AE1 /* Build configuration list for PBXProject "SummerApp" */ = {
			isa = XCConfigurationList;
			buildConfigurations = (
				FBCBB7721F1E708200D16AE1 /* Debug */,
				FBCBB7731F1E708200D16AE1 /* Release */,
			);
			defaultConfigurationIsVisible = 0;
			defaultConfigurationName = Release;
		};
		FBCBB7741F1E708200D16AE1 /* Build configuration list for PBXNativeTarget "SummerApp" */ = {
			isa = XCConfigurationList;
			buildConfigurations = (
				FBCBB7751F1E708200D16AE1 /* Debug */,
				FBCBB7761F1E708200D16AE1 /* Release */,
			);
			defaultConfigurationIsVisible = 0;
			defaultConfigurationName = Release;
		};
/* End XCConfigurationList section */

/* Begin XCVersionGroup section */
		FBF3E43A1F314E8800084DD2 /* SummerApp.xcdatamodeld */ = {
			isa = XCVersionGroup;
			children = (
				FBF3E43B1F314E8800084DD2 /* SummerApp.xcdatamodel */,
			);
			currentVersion = FBF3E43B1F314E8800084DD2 /* SummerApp.xcdatamodel */;
			path = SummerApp.xcdatamodeld;
			sourceTree = "<group>";
			versionGroupType = wrapper.xcdatamodel;
		};
/* End XCVersionGroup section */
	};
	rootObject = FBCBB7571F1E708200D16AE1 /* Project object */;
}
